// !$*UTF8*$!
{
	archiveVersion = 1;
	classes = {
	};
	objectVersion = 50;
	objects = {

/* Begin PBXBuildFile section */
		7F2F7FCF2746272300D07A35 /* ForGitHubSampleApp.swift in Sources */ = {isa = PBXBuildFile; fileRef = 7F2F7FCE2746272300D07A35 /* ForGitHubSampleApp.swift */; };
		7F2F7FD12746272300D07A35 /* ContentView.swift in Sources */ = {isa = PBXBuildFile; fileRef = 7F2F7FD02746272300D07A35 /* ContentView.swift */; };
		7F2F7FD32746272600D07A35 /* Assets.xcassets in Resources */ = {isa = PBXBuildFile; fileRef = 7F2F7FD22746272600D07A35 /* Assets.xcassets */; };
		7F2F7FD62746272600D07A35 /* Preview Assets.xcassets in Resources */ = {isa = PBXBuildFile; fileRef = 7F2F7FD52746272600D07A35 /* Preview Assets.xcassets */; };
		7F2F7FE12746272600D07A35 /* ForGitHubSampleTests.swift in Sources */ = {isa = PBXBuildFile; fileRef = 7F2F7FE02746272600D07A35 /* ForGitHubSampleTests.swift */; };
		7F2F7FEC2746272600D07A35 /* ForGitHubSampleUITests.swift in Sources */ = {isa = PBXBuildFile; fileRef = 7F2F7FEB2746272600D07A35 /* ForGitHubSampleUITests.swift */; };
/* End PBXBuildFile section */

/* Begin PBXContainerItemProxy section */
		7F2F7FDD2746272600D07A35 /* PBXContainerItemProxy */ = {
			isa = PBXContainerItemProxy;
			containerPortal = 7F2F7FC32746272200D07A35 /* Project object */;
			proxyType = 1;
			remoteGlobalIDString = 7F2F7FCA2746272300D07A35;
			remoteInfo = ForGitHubSample;
		};
		7F2F7FE82746272600D07A35 /* PBXContainerItemProxy */ = {
			isa = PBXContainerItemProxy;
			containerPortal = 7F2F7FC32746272200D07A35 /* Project object */;
			proxyType = 1;
			remoteGlobalIDString = 7F2F7FCA2746272300D07A35;
			remoteInfo = ForGitHubSample;
		};
/* End PBXContainerItemProxy section */

/* Begin PBXFileReference section */
		7F2F7FCB2746272300D07A35 /* ForGitHubSample.app */ = {isa = PBXFileReference; explicitFileType = wrapper.application; includeInIndex = 0; path = ForGitHubSample.app; sourceTree = BUILT_PRODUCTS_DIR; };
		7F2F7FCE2746272300D07A35 /* ForGitHubSampleApp.swift */ = {isa = PBXFileReference; lastKnownFileType = sourcecode.swift; path = ForGitHubSampleApp.swift; sourceTree = "<group>"; };
		7F2F7FD02746272300D07A35 /* ContentView.swift */ = {isa = PBXFileReference; lastKnownFileType = sourcecode.swift; path = ContentView.swift; sourceTree = "<group>"; };
		7F2F7FD22746272600D07A35 /* Assets.xcassets */ = {isa = PBXFileReference; lastKnownFileType = folder.assetcatalog; path = Assets.xcassets; sourceTree = "<group>"; };
		7F2F7FD52746272600D07A35 /* Preview Assets.xcassets */ = {isa = PBXFileReference; lastKnownFileType = folder.assetcatalog; path = "Preview Assets.xcassets"; sourceTree = "<group>"; };
		7F2F7FD72746272600D07A35 /* Info.plist */ = {isa = PBXFileReference; lastKnownFileType = text.plist.xml; path = Info.plist; sourceTree = "<group>"; };
		7F2F7FDC2746272600D07A35 /* ForGitHubSampleTests.xctest */ = {isa = PBXFileReference; explicitFileType = wrapper.cfbundle; includeInIndex = 0; path = ForGitHubSampleTests.xctest; sourceTree = BUILT_PRODUCTS_DIR; };
		7F2F7FE02746272600D07A35 /* ForGitHubSampleTests.swift */ = {isa = PBXFileReference; lastKnownFileType = sourcecode.swift; path = ForGitHubSampleTests.swift; sourceTree = "<group>"; };
		7F2F7FE22746272600D07A35 /* Info.plist */ = {isa = PBXFileReference; lastKnownFileType = text.plist.xml; path = Info.plist; sourceTree = "<group>"; };
		7F2F7FE72746272600D07A35 /* ForGitHubSampleUITests.xctest */ = {isa = PBXFileReference; explicitFileType = wrapper.cfbundle; includeInIndex = 0; path = ForGitHubSampleUITests.xctest; sourceTree = BUILT_PRODUCTS_DIR; };
		7F2F7FEB2746272600D07A35 /* ForGitHubSampleUITests.swift */ = {isa = PBXFileReference; lastKnownFileType = sourcecode.swift; path = ForGitHubSampleUITests.swift; sourceTree = "<group>"; };
		7F2F7FED2746272600D07A35 /* Info.plist */ = {isa = PBXFileReference; lastKnownFileType = text.plist.xml; path = Info.plist; sourceTree = "<group>"; };
/* End PBXFileReference section */

/* Begin PBXFrameworksBuildPhase section */
		7F2F7FC82746272300D07A35 /* Frameworks */ = {
			isa = PBXFrameworksBuildPhase;
			buildActionMask = 2147483647;
			files = (
			);
			runOnlyForDeploymentPostprocessing = 0;
		};
		7F2F7FD92746272600D07A35 /* Frameworks */ = {
			isa = PBXFrameworksBuildPhase;
			buildActionMask = 2147483647;
			files = (
			);
			runOnlyForDeploymentPostprocessing = 0;
		};
		7F2F7FE42746272600D07A35 /* Frameworks */ = {
			isa = PBXFrameworksBuildPhase;
			buildActionMask = 2147483647;
			files = (
			);
			runOnlyForDeploymentPostprocessing = 0;
		};
/* End PBXFrameworksBuildPhase section */

/* Begin PBXGroup section */
		7F2F7FC22746272200D07A35 = {
			isa = PBXGroup;
			children = (
				7F2F7FCD2746272300D07A35 /* ForGitHubSample */,
				7F2F7FDF2746272600D07A35 /* ForGitHubSampleTests */,
				7F2F7FEA2746272600D07A35 /* ForGitHubSampleUITests */,
				7F2F7FCC2746272300D07A35 /* Products */,
			);
			sourceTree = "<group>";
		};
		7F2F7FCC2746272300D07A35 /* Products */ = {
			isa = PBXGroup;
			children = (
				7F2F7FCB2746272300D07A35 /* ForGitHubSample.app */,
				7F2F7FDC2746272600D07A35 /* ForGitHubSampleTests.xctest */,
				7F2F7FE72746272600D07A35 /* ForGitHubSampleUITests.xctest */,
			);
			name = Products;
			sourceTree = "<group>";
		};
		7F2F7FCD2746272300D07A35 /* ForGitHubSample */ = {
			isa = PBXGroup;
			children = (
				7F2F7FCE2746272300D07A35 /* ForGitHubSampleApp.swift */,
				7F2F7FD02746272300D07A35 /* ContentView.swift */,
				7F2F7FD22746272600D07A35 /* Assets.xcassets */,
				7F2F7FD72746272600D07A35 /* Info.plist */,
				7F2F7FD42746272600D07A35 /* Preview Content */,
			);
			path = ForGitHubSample;
			sourceTree = "<group>";
		};
		7F2F7FD42746272600D07A35 /* Preview Content */ = {
			isa = PBXGroup;
			children = (
				7F2F7FD52746272600D07A35 /* Preview Assets.xcassets */,
			);
			path = "Preview Content";
			sourceTree = "<group>";
		};
		7F2F7FDF2746272600D07A35 /* ForGitHubSampleTests */ = {
			isa = PBXGroup;
			children = (
				7F2F7FE02746272600D07A35 /* ForGitHubSampleTests.swift */,
				7F2F7FE22746272600D07A35 /* Info.plist */,
			);
			path = ForGitHubSampleTests;
			sourceTree = "<group>";
		};
		7F2F7FEA2746272600D07A35 /* ForGitHubSampleUITests */ = {
			isa = PBXGroup;
			children = (
				7F2F7FEB2746272600D07A35 /* ForGitHubSampleUITests.swift */,
				7F2F7FED2746272600D07A35 /* Info.plist */,
			);
			path = ForGitHubSampleUITests;
			sourceTree = "<group>";
		};
/* End PBXGroup section */

/* Begin PBXNativeTarget section */
		7F2F7FCA2746272300D07A35 /* ForGitHubSample */ = {
			isa = PBXNativeTarget;
			buildConfigurationList = 7F2F7FF02746272600D07A35 /* Build configuration list for PBXNativeTarget "ForGitHubSample" */;
			buildPhases = (
				7F2F7FC72746272300D07A35 /* Sources */,
				7F2F7FC82746272300D07A35 /* Frameworks */,
				7F2F7FC92746272300D07A35 /* Resources */,
			);
			buildRules = (
			);
			dependencies = (
			);
			name = ForGitHubSample;
			productName = ForGitHubSample;
			productReference = 7F2F7FCB2746272300D07A35 /* ForGitHubSample.app */;
			productType = "com.apple.product-type.application";
		};
		7F2F7FDB2746272600D07A35 /* ForGitHubSampleTests */ = {
			isa = PBXNativeTarget;
			buildConfigurationList = 7F2F7FF32746272600D07A35 /* Build configuration list for PBXNativeTarget "ForGitHubSampleTests" */;
			buildPhases = (
				7F2F7FD82746272600D07A35 /* Sources */,
				7F2F7FD92746272600D07A35 /* Frameworks */,
				7F2F7FDA2746272600D07A35 /* Resources */,
			);
			buildRules = (
			);
			dependencies = (
				7F2F7FDE2746272600D07A35 /* PBXTargetDependency */,
			);
			name = ForGitHubSampleTests;
			productName = ForGitHubSampleTests;
			productReference = 7F2F7FDC2746272600D07A35 /* ForGitHubSampleTests.xctest */;
			productType = "com.apple.product-type.bundle.unit-test";
		};
		7F2F7FE62746272600D07A35 /* ForGitHubSampleUITests */ = {
			isa = PBXNativeTarget;
			buildConfigurationList = 7F2F7FF62746272600D07A35 /* Build configuration list for PBXNativeTarget "ForGitHubSampleUITests" */;
			buildPhases = (
				7F2F7FE32746272600D07A35 /* Sources */,
				7F2F7FE42746272600D07A35 /* Frameworks */,
				7F2F7FE52746272600D07A35 /* Resources */,
			);
			buildRules = (
			);
			dependencies = (
				7F2F7FE92746272600D07A35 /* PBXTargetDependency */,
			);
			name = ForGitHubSampleUITests;
			productName = ForGitHubSampleUITests;
			productReference = 7F2F7FE72746272600D07A35 /* ForGitHubSampleUITests.xctest */;
			productType = "com.apple.product-type.bundle.ui-testing";
		};
/* End PBXNativeTarget section */

/* Begin PBXProject section */
		7F2F7FC32746272200D07A35 /* Project object */ = {
			isa = PBXProject;
			attributes = {
				LastSwiftUpdateCheck = 1240;
				LastUpgradeCheck = 1240;
				TargetAttributes = {
					7F2F7FCA2746272300D07A35 = {
						CreatedOnToolsVersion = 12.4;
					};
					7F2F7FDB2746272600D07A35 = {
						CreatedOnToolsVersion = 12.4;
						TestTargetID = 7F2F7FCA2746272300D07A35;
					};
					7F2F7FE62746272600D07A35 = {
						CreatedOnToolsVersion = 12.4;
						TestTargetID = 7F2F7FCA2746272300D07A35;
					};
				};
			};
			buildConfigurationList = 7F2F7FC62746272200D07A35 /* Build configuration list for PBXProject "ForGitHubSample" */;
			compatibilityVersion = "Xcode 9.3";
			developmentRegion = en;
			hasScannedForEncodings = 0;
			knownRegions = (
				en,
				Base,
			);
			mainGroup = 7F2F7FC22746272200D07A35;
			productRefGroup = 7F2F7FCC2746272300D07A35 /* Products */;
			projectDirPath = "";
			projectRoot = "";
			targets = (
				7F2F7FCA2746272300D07A35 /* ForGitHubSample */,
				7F2F7FDB2746272600D07A35 /* ForGitHubSampleTests */,
				7F2F7FE62746272600D07A35 /* ForGitHubSampleUITests */,
			);
		};
/* End PBXProject section */

/* Begin PBXResourcesBuildPhase section */
		7F2F7FC92746272300D07A35 /* Resources */ = {
			isa = PBXResourcesBuildPhase;
			buildActionMask = 2147483647;
			files = (
				7F2F7FD62746272600D07A35 /* Preview Assets.xcassets in Resources */,
				7F2F7FD32746272600D07A35 /* Assets.xcassets in Resources */,
			);
			runOnlyForDeploymentPostprocessing = 0;
		};
		7F2F7FDA2746272600D07A35 /* Resources */ = {
			isa = PBXResourcesBuildPhase;
			buildActionMask = 2147483647;
			files = (
			);
			runOnlyForDeploymentPostprocessing = 0;
		};
		7F2F7FE52746272600D07A35 /* Resources */ = {
			isa = PBXResourcesBuildPhase;
			buildActionMask = 2147483647;
			files = (
			);
			runOnlyForDeploymentPostprocessing = 0;
		};
/* End PBXResourcesBuildPhase section */

/* Begin PBXSourcesBuildPhase section */
		7F2F7FC72746272300D07A35 /* Sources */ = {
			isa = PBXSourcesBuildPhase;
			buildActionMask = 2147483647;
			files = (
				7F2F7FD12746272300D07A35 /* ContentView.swift in Sources */,
				7F2F7FCF2746272300D07A35 /* ForGitHubSampleApp.swift in Sources */,
			);
			runOnlyForDeploymentPostprocessing = 0;
		};
		7F2F7FD82746272600D07A35 /* Sources */ = {
			isa = PBXSourcesBuildPhase;
			buildActionMask = 2147483647;
			files = (
				7F2F7FE12746272600D07A35 /* ForGitHubSampleTests.swift in Sources */,
			);
			runOnlyForDeploymentPostprocessing = 0;
		};
		7F2F7FE32746272600D07A35 /* Sources */ = {
			isa = PBXSourcesBuildPhase;
			buildActionMask = 2147483647;
			files = (
				7F2F7FEC2746272600D07A35 /* ForGitHubSampleUITests.swift in Sources */,
			);
			runOnlyForDeploymentPostprocessing = 0;
		};
/* End PBXSourcesBuildPhase section */

/* Begin PBXTargetDependency section */
		7F2F7FDE2746272600D07A35 /* PBXTargetDependency */ = {
			isa = PBXTargetDependency;
			target = 7F2F7FCA2746272300D07A35 /* ForGitHubSample */;
			targetProxy = 7F2F7FDD2746272600D07A35 /* PBXContainerItemProxy */;
		};
		7F2F7FE92746272600D07A35 /* PBXTargetDependency */ = {
			isa = PBXTargetDependency;
			target = 7F2F7FCA2746272300D07A35 /* ForGitHubSample */;
			targetProxy = 7F2F7FE82746272600D07A35 /* PBXContainerItemProxy */;
		};
/* End PBXTargetDependency section */

/* Begin XCBuildConfiguration section */
		7F2F7FEE2746272600D07A35 /* Debug */ = {
			isa = XCBuildConfiguration;
			buildSettings = {
				ALWAYS_SEARCH_USER_PATHS = NO;
				CLANG_ANALYZER_NONNULL = YES;
				CLANG_ANALYZER_NUMBER_OBJECT_CONVERSION = YES_AGGRESSIVE;
				CLANG_CXX_LANGUAGE_STANDARD = "gnu++14";
				CLANG_CXX_LIBRARY = "libc++";
				CLANG_ENABLE_MODULES = YES;
				CLANG_ENABLE_OBJC_ARC = YES;
				CLANG_ENABLE_OBJC_WEAK = YES;
				CLANG_WARN_BLOCK_CAPTURE_AUTORELEASING = YES;
				CLANG_WARN_BOOL_CONVERSION = YES;
				CLANG_WARN_COMMA = YES;
				CLANG_WARN_CONSTANT_CONVERSION = YES;
				CLANG_WARN_DEPRECATED_OBJC_IMPLEMENTATIONS = YES;
				CLANG_WARN_DIRECT_OBJC_ISA_USAGE = YES_ERROR;
				CLANG_WARN_DOCUMENTATION_COMMENTS = YES;
				CLANG_WARN_EMPTY_BODY = YES;
				CLANG_WARN_ENUM_CONVERSION = YES;
				CLANG_WARN_INFINITE_RECURSION = YES;
				CLANG_WARN_INT_CONVERSION = YES;
				CLANG_WARN_NON_LITERAL_NULL_CONVERSION = YES;
				CLANG_WARN_OBJC_IMPLICIT_RETAIN_SELF = YES;
				CLANG_WARN_OBJC_LITERAL_CONVERSION = YES;
				CLANG_WARN_OBJC_ROOT_CLASS = YES_ERROR;
				CLANG_WARN_QUOTED_INCLUDE_IN_FRAMEWORK_HEADER = YES;
				CLANG_WARN_RANGE_LOOP_ANALYSIS = YES;
				CLANG_WARN_STRICT_PROTOTYPES = YES;
				CLANG_WARN_SUSPICIOUS_MOVE = YES;
				CLANG_WARN_UNGUARDED_AVAILABILITY = YES_AGGRESSIVE;
				CLANG_WARN_UNREACHABLE_CODE = YES;
				CLANG_WARN__DUPLICATE_METHOD_MATCH = YES;
				COPY_PHASE_STRIP = NO;
				DEBUG_INFORMATION_FORMAT = dwarf;
				ENABLE_STRICT_OBJC_MSGSEND = YES;
				ENABLE_TESTABILITY = YES;
				GCC_C_LANGUAGE_STANDARD = gnu11;
				GCC_DYNAMIC_NO_PIC = NO;
				GCC_NO_COMMON_BLOCKS = YES;
				GCC_OPTIMIZATION_LEVEL = 0;
				GCC_PREPROCESSOR_DEFINITIONS = (
					"DEBUG=1",
					"$(inherited)",
				);
				GCC_WARN_64_TO_32_BIT_CONVERSION = YES;
				GCC_WARN_ABOUT_RETURN_TYPE = YES_ERROR;
				GCC_WARN_UNDECLARED_SELECTOR = YES;
				GCC_WARN_UNINITIALIZED_AUTOS = YES_AGGRESSIVE;
				GCC_WARN_UNUSED_FUNCTION = YES;
				GCC_WARN_UNUSED_VARIABLE = YES;
				IPHONEOS_DEPLOYMENT_TARGET = 14.4;
				MTL_ENABLE_DEBUG_INFO = INCLUDE_SOURCE;
				MTL_FAST_MATH = YES;
				ONLY_ACTIVE_ARCH = YES;
				SDKROOT = iphoneos;
				SWIFT_ACTIVE_COMPILATION_CONDITIONS = DEBUG;
				SWIFT_OPTIMIZATION_LEVEL = "-Onone";
			};
			name = Debug;
		};
		7F2F7FEF2746272600D07A35 /* Release */ = {
			isa = XCBuildConfiguration;
			buildSettings = {
				ALWAYS_SEARCH_USER_PATHS = NO;
				CLANG_ANALYZER_NONNULL = YES;
				CLANG_ANALYZER_NUMBER_OBJECT_CONVERSION = YES_AGGRESSIVE;
				CLANG_CXX_LANGUAGE_STANDARD = "gnu++14";
				CLANG_CXX_LIBRARY = "libc++";
				CLANG_ENABLE_MODULES = YES;
				CLANG_ENABLE_OBJC_ARC = YES;
				CLANG_ENABLE_OBJC_WEAK = YES;
				CLANG_WARN_BLOCK_CAPTURE_AUTORELEASING = YES;
				CLANG_WARN_BOOL_CONVERSION = YES;
				CLANG_WARN_COMMA = YES;
				CLANG_WARN_CONSTANT_CONVERSION = YES;
				CLANG_WARN_DEPRECATED_OBJC_IMPLEMENTATIONS = YES;
				CLANG_WARN_DIRECT_OBJC_ISA_USAGE = YES_ERROR;
				CLANG_WARN_DOCUMENTATION_COMMENTS = YES;
				CLANG_WARN_EMPTY_BODY = YES;
				CLANG_WARN_ENUM_CONVERSION = YES;
				CLANG_WARN_INFINITE_RECURSION = YES;
				CLANG_WARN_INT_CONVERSION = YES;
				CLANG_WARN_NON_LITERAL_NULL_CONVERSION = YES;
				CLANG_WARN_OBJC_IMPLICIT_RETAIN_SELF = YES;
				CLANG_WARN_OBJC_LITERAL_CONVERSION = YES;
				CLANG_WARN_OBJC_ROOT_CLASS = YES_ERROR;
				CLANG_WARN_QUOTED_INCLUDE_IN_FRAMEWORK_HEADER = YES;
				CLANG_WARN_RANGE_LOOP_ANALYSIS = YES;
				CLANG_WARN_STRICT_PROTOTYPES = YES;
				CLANG_WARN_SUSPICIOUS_MOVE = YES;
				CLANG_WARN_UNGUARDED_AVAILABILITY = YES_AGGRESSIVE;
				CLANG_WARN_UNREACHABLE_CODE = YES;
				CLANG_WARN__DUPLICATE_METHOD_MATCH = YES;
				COPY_PHASE_STRIP = NO;
				DEBUG_INFORMATION_FORMAT = "dwarf-with-dsym";
				ENABLE_NS_ASSERTIONS = NO;
				ENABLE_STRICT_OBJC_MSGSEND = YES;
				GCC_C_LANGUAGE_STANDARD = gnu11;
				GCC_NO_COMMON_BLOCKS = YES;
				GCC_WARN_64_TO_32_BIT_CONVERSION = YES;
				GCC_WARN_ABOUT_RETURN_TYPE = YES_ERROR;
				GCC_WARN_UNDECLARED_SELECTOR = YES;
				GCC_WARN_UNINITIALIZED_AUTOS = YES_AGGRESSIVE;
				GCC_WARN_UNUSED_FUNCTION = YES;
				GCC_WARN_UNUSED_VARIABLE = YES;
				IPHONEOS_DEPLOYMENT_TARGET = 14.4;
				MTL_ENABLE_DEBUG_INFO = NO;
				MTL_FAST_MATH = YES;
				SDKROOT = iphoneos;
				SWIFT_COMPILATION_MODE = wholemodule;
				SWIFT_OPTIMIZATION_LEVEL = "-O";
				VALIDATE_PRODUCT = YES;
			};
			name = Release;
		};
		7F2F7FF12746272600D07A35 /* Debug */ = {
			isa = XCBuildConfiguration;
			buildSettings = {
				ASSETCATALOG_COMPILER_APPICON_NAME = AppIcon;
				ASSETCATALOG_COMPILER_GLOBAL_ACCENT_COLOR_NAME = AccentColor;
				CODE_SIGN_STYLE = Automatic;
				DEVELOPMENT_ASSET_PATHS = "\"ForGitHubSample/Preview Content\"";
				DEVELOPMENT_TEAM = P2JH97CJDS;
				ENABLE_PREVIEWS = YES;
				INFOPLIST_FILE = ForGitHubSample/Info.plist;
				IPHONEOS_DEPLOYMENT_TARGET = 14.0;
				LD_RUNPATH_SEARCH_PATHS = (
					"$(inherited)",
					"@executable_path/Frameworks",
				);
				PRODUCT_BUNDLE_IDENTIFIER = jp.ac.jec.21cm0138.ForGitHubSample;
				PRODUCT_NAME = "$(TARGET_NAME)";
				SWIFT_VERSION = 5.0;
				TARGETED_DEVICE_FAMILY = "1,2";
			};
			name = Debug;
		};
		7F2F7FF22746272600D07A35 /* Release */ = {
			isa = XCBuildConfiguration;
			buildSettings = {
				ASSETCATALOG_COMPILER_APPICON_NAME = AppIcon;
				ASSETCATALOG_COMPILER_GLOBAL_ACCENT_COLOR_NAME = AccentColor;
				CODE_SIGN_STYLE = Automatic;
				DEVELOPMENT_ASSET_PATHS = "\"ForGitHubSample/Preview Content\"";
				DEVELOPMENT_TEAM = P2JH97CJDS;
				ENABLE_PREVIEWS = YES;
				INFOPLIST_FILE = ForGitHubSample/Info.plist;
				IPHONEOS_DEPLOYMENT_TARGET = 14.0;
				LD_RUNPATH_SEARCH_PATHS = (
					"$(inherited)",
					"@executable_path/Frameworks",
				);
				PRODUCT_BUNDLE_IDENTIFIER = jp.ac.jec.21cm0138.ForGitHubSample;
				PRODUCT_NAME = "$(TARGET_NAME)";
				SWIFT_VERSION = 5.0;
				TARGETED_DEVICE_FAMILY = "1,2";
			};
			name = Release;
		};
		7F2F7FF42746272600D07A35 /* Debug */ = {
			isa = XCBuildConfiguration;
			buildSettings = {
				ALWAYS_EMBED_SWIFT_STANDARD_LIBRARIES = YES;
				BUNDLE_LOADER = "$(TEST_HOST)";
				CODE_SIGN_STYLE = Automatic;
				DEVELOPMENT_TEAM = P2JH97CJDS;
				INFOPLIST_FILE = ForGitHubSampleTests/Info.plist;
				IPHONEOS_DEPLOYMENT_TARGET = 14.0;
				LD_RUNPATH_SEARCH_PATHS = (
					"$(inherited)",
					"@executable_path/Frameworks",
					"@loader_path/Frameworks",
				);
				PRODUCT_BUNDLE_IDENTIFIER = jp.ac.jec.21cm0138.ForGitHubSampleTests;
				PRODUCT_NAME = "$(TARGET_NAME)";
				SWIFT_VERSION = 5.0;
				TARGETED_DEVICE_FAMILY = "1,2";
				TEST_HOST = "$(BUILT_PRODUCTS_DIR)/ForGitHubSample.app/ForGitHubSample";
			};
			name = Debug;
		};
		7F2F7FF52746272600D07A35 /* Release */ = {
			isa = XCBuildConfiguration;
			buildSettings = {
				ALWAYS_EMBED_SWIFT_STANDARD_LIBRARIES = YES;
				BUNDLE_LOADER = "$(TEST_HOST)";
				CODE_SIGN_STYLE = Automatic;
				DEVELOPMENT_TEAM = P2JH97CJDS;
				INFOPLIST_FILE = ForGitHubSampleTests/Info.plist;
				IPHONEOS_DEPLOYMENT_TARGET = 14.0;
				LD_RUNPATH_SEARCH_PATHS = (
					"$(inherited)",
					"@executable_path/Frameworks",
					"@loader_path/Frameworks",
				);
				PRODUCT_BUNDLE_IDENTIFIER = jp.ac.jec.21cm0138.ForGitHubSampleTests;
				PRODUCT_NAME = "$(TARGET_NAME)";
				SWIFT_VERSION = 5.0;
				TARGETED_DEVICE_FAMILY = "1,2";
				TEST_HOST = "$(BUILT_PRODUCTS_DIR)/ForGitHubSample.app/ForGitHubSample";
			};
			name = Release;
		};
		7F2F7FF72746272600D07A35 /* Debug */ = {
			isa = XCBuildConfiguration;
			buildSettings = {
				ALWAYS_EMBED_SWIFT_STANDARD_LIBRARIES = YES;
				CODE_SIGN_STYLE = Automatic;
				DEVELOPMENT_TEAM = P2JH97CJDS;
				INFOPLIST_FILE = ForGitHubSampleUITests/Info.plist;
				LD_RUNPATH_SEARCH_PATHS = (
					"$(inherited)",
					"@executable_path/Frameworks",
					"@loader_path/Frameworks",
				);
				PRODUCT_BUNDLE_IDENTIFIER = jp.ac.jec.21cm0138.ForGitHubSampleUITests;
				PRODUCT_NAME = "$(TARGET_NAME)";
				SWIFT_VERSION = 5.0;
				TARGETED_DEVICE_FAMILY = "1,2";
				TEST_TARGET_NAME = ForGitHubSample;
			};
			name = Debug;
		};
		7F2F7FF82746272600D07A35 /* Release */ = {
			isa = XCBuildConfiguration;
			buildSettings = {
				ALWAYS_EMBED_SWIFT_STANDARD_LIBRARIES = YES;
				CODE_SIGN_STYLE = Automatic;
				DEVELOPMENT_TEAM = P2JH97CJDS;
				INFOPLIST_FILE = ForGitHubSampleUITests/Info.plist;
				LD_RUNPATH_SEARCH_PATHS = (
					"$(inherited)",
					"@executable_path/Frameworks",
					"@loader_path/Frameworks",
				);
				PRODUCT_BUNDLE_IDENTIFIER = jp.ac.jec.21cm0138.ForGitHubSampleUITests;
				PRODUCT_NAME = "$(TARGET_NAME)";
				SWIFT_VERSION = 5.0;
				TARGETED_DEVICE_FAMILY = "1,2";
				TEST_TARGET_NAME = ForGitHubSample;
			};
			name = Release;
		};
/* End XCBuildConfiguration section */

/* Begin XCConfigurationList section */
		7F2F7FC62746272200D07A35 /* Build configuration list for PBXProject "ForGitHubSample" */ = {
			isa = XCConfigurationList;
			buildConfigurations = (
				7F2F7FEE2746272600D07A35 /* Debug */,
				7F2F7FEF2746272600D07A35 /* Release */,
			);
			defaultConfigurationIsVisible = 0;
			defaultConfigurationName = Release;
		};
		7F2F7FF02746272600D07A35 /* Build configuration list for PBXNativeTarget "ForGitHubSample" */ = {
			isa = XCConfigurationList;
			buildConfigurations = (
				7F2F7FF12746272600D07A35 /* Debug */,
				7F2F7FF22746272600D07A35 /* Release */,
			);
			defaultConfigurationIsVisible = 0;
			defaultConfigurationName = Release;
		};
		7F2F7FF32746272600D07A35 /* Build configuration list for PBXNativeTarget "ForGitHubSampleTests" */ = {
			isa = XCConfigurationList;
			buildConfigurations = (
				7F2F7FF42746272600D07A35 /* Debug */,
				7F2F7FF52746272600D07A35 /* Release */,
			);
			defaultConfigurationIsVisible = 0;
			defaultConfigurationName = Release;
		};
		7F2F7FF62746272600D07A35 /* Build configuration list for PBXNativeTarget "ForGitHubSampleUITests" */ = {
			isa = XCConfigurationList;
			buildConfigurations = (
				7F2F7FF72746272600D07A35 /* Debug */,
				7F2F7FF82746272600D07A35 /* Release */,
			);
			defaultConfigurationIsVisible = 0;
			defaultConfigurationName = Release;
		};
/* End XCConfigurationList section */
	};
	rootObject = 7F2F7FC32746272200D07A35 /* Project object */;
}
